
Microsoft Visual Studio Solution File, Format Version 12.00
# Visual Studio Version 17
VisualStudioVersion = 17.1.32414.318
MinimumVisualStudioVersion = 10.0.40219.1
Project("{FAE04EC0-301F-11D3-BF4B-00C04F79EFBC}") = "PracticaGit", "PracticaGit\PracticaGit.csproj", "{8BD23040-C8CE-448F-8D28-1501FE376118}"
EndProject
Global
	GlobalSection(SolutionConfigurationPlatforms) = preSolution
		Debug|Any CPU = Debug|Any CPU
		Release|Any CPU = Release|Any CPU
	EndGlobalSection
	GlobalSection(ProjectConfigurationPlatforms) = postSolution
		{8BD23040-C8CE-448F-8D28-1501FE376118}.Debug|Any CPU.ActiveCfg = Debug|Any CPU
		{8BD23040-C8CE-448F-8D28-1501FE376118}.Debug|Any CPU.Build.0 = Debug|Any CPU
		{8BD23040-C8CE-448F-8D28-1501FE376118}.Release|Any CPU.ActiveCfg = Release|Any CPU
		{8BD23040-C8CE-448F-8D28-1501FE376118}.Release|Any CPU.Build.0 = Release|Any CPU
	EndGlobalSection
	GlobalSection(SolutionProperties) = preSolution
		HideSolutionNode = FALSE
	EndGlobalSection
	GlobalSection(ExtensibilityGlobals) = postSolution
		SolutionGuid = {98B32203-F17F-410E-9884-4BDE2ACA175B}
	EndGlobalSection
EndGlobal
